
Microsoft Visual Studio Solution File, Format Version 12.00
# Visual Studio Version 17
VisualStudioVersion = 17.14.37012.4
MinimumVisualStudioVersion = 10.0.40219.1
Project("{FAE04EC0-301F-11D3-BF4B-00C04F79EFBC}") = "WritingMiddlewareWithUse", "WritingMiddlewareWithUse\WritingMiddlewareWithUse.csproj", "{4ACAF0F7-6C5C-4129-A734-F7171323C769}"
EndProject
Project("{FAE04EC0-301F-11D3-BF4B-00C04F79EFBC}") = "MiddlewareBranching", "MiddlewareBranching\MiddlewareBranching.csproj", "{934C3AAD-DFC5-4E80-AA37-6FB9B953E314}"
EndProject
Global
	GlobalSection(SolutionConfigurationPlatforms) = preSolution
		Debug|Any CPU = Debug|Any CPU
		Release|Any CPU = Release|Any CPU
	EndGlobalSection
	GlobalSection(ProjectConfigurationPlatforms) = postSolution
		{4ACAF0F7-6C5C-4129-A734-F7171323C769}.Debug|Any CPU.ActiveCfg = Debug|Any CPU
		{4ACAF0F7-6C5C-4129-A734-F7171323C769}.Debug|Any CPU.Build.0 = Debug|Any CPU
		{4ACAF0F7-6C5C-4129-A734-F7171323C769}.Release|Any CPU.ActiveCfg = Release|Any CPU
		{4ACAF0F7-6C5C-4129-A734-F7171323C769}.Release|Any CPU.Build.0 = Release|Any CPU
		{934C3AAD-DFC5-4E80-AA37-6FB9B953E314}.Debug|Any CPU.ActiveCfg = Debug|Any CPU
		{934C3AAD-DFC5-4E80-AA37-6FB9B953E314}.Debug|Any CPU.Build.0 = Debug|Any CPU
		{934C3AAD-DFC5-4E80-AA37-6FB9B953E314}.Release|Any CPU.ActiveCfg = Release|Any CPU
		{934C3AAD-DFC5-4E80-AA37-6FB9B953E314}.Release|Any CPU.Build.0 = Release|Any CPU
	EndGlobalSection
	GlobalSection(SolutionProperties) = preSolution
		HideSolutionNode = FALSE
	EndGlobalSection
	GlobalSection(ExtensibilityGlobals) = postSolution
		SolutionGuid = {7BA4374D-8ED5-4EA5-A555-C80F1BF21ACE}
	EndGlobalSection
EndGlobal
